
Microsoft Visual Studio Solution File, Format Version 12.00
# Visual Studio Version 17
VisualStudioVersion = 17.9.34902.65
MinimumVisualStudioVersion = 10.0.40219.1
Project("{FAE04EC0-301F-11D3-BF4B-00C04F79EFBC}") = "iLABAutomationTest", "iLABAutomationTest\iLABAutomationTest.csproj", "{EF98E8EF-4CC0-42D9-863C-129D3F7641BD}"
EndProject
Global
	GlobalSection(SolutionConfigurationPlatforms) = preSolution
		Debug|Any CPU = Debug|Any CPU
		Release|Any CPU = Release|Any CPU
	EndGlobalSection
	GlobalSection(ProjectConfigurationPlatforms) = postSolution
		{EF98E8EF-4CC0-42D9-863C-129D3F7641BD}.Debug|Any CPU.ActiveCfg = Debug|Any CPU
		{EF98E8EF-4CC0-42D9-863C-129D3F7641BD}.Debug|Any CPU.Build.0 = Debug|Any CPU
		{EF98E8EF-4CC0-42D9-863C-129D3F7641BD}.Release|Any CPU.ActiveCfg = Release|Any CPU
		{EF98E8EF-4CC0-42D9-863C-129D3F7641BD}.Release|Any CPU.Build.0 = Release|Any CPU
	EndGlobalSection
	GlobalSection(SolutionProperties) = preSolution
		HideSolutionNode = FALSE
	EndGlobalSection
	GlobalSection(ExtensibilityGlobals) = postSolution
		SolutionGuid = {AB91EACD-3648-4E8F-9E78-8FE5CCBBCACD}
	EndGlobalSection
EndGlobal
